
Microsoft Visual Studio Solution File, Format Version 12.00
# Visual Studio 14
VisualStudioVersion = 14.0.25420.1
MinimumVisualStudioVersion = 10.0.40219.1
Project("{FAE04EC0-301F-11D3-BF4B-00C04F79EFBC}") = "EjemploUnit01", "EjemploUnit01\EjemploUnit01.csproj", "{03B4DD13-3AC1-46D4-8EC2-19FED3BE22D8}"
EndProject
Project("{FAE04EC0-301F-11D3-BF4B-00C04F79EFBC}") = "EjemploConsole01", "EjemploConsole01\EjemploConsole01.csproj", "{D245645E-9148-441D-A15B-EBF76C663554}"
EndProject
Global
	GlobalSection(SolutionConfigurationPlatforms) = preSolution
		Debug|Any CPU = Debug|Any CPU
		Release|Any CPU = Release|Any CPU
	EndGlobalSection
	GlobalSection(ProjectConfigurationPlatforms) = postSolution
		{03B4DD13-3AC1-46D4-8EC2-19FED3BE22D8}.Debug|Any CPU.ActiveCfg = Debug|Any CPU
		{03B4DD13-3AC1-46D4-8EC2-19FED3BE22D8}.Debug|Any CPU.Build.0 = Debug|Any CPU
		{03B4DD13-3AC1-46D4-8EC2-19FED3BE22D8}.Release|Any CPU.ActiveCfg = Release|Any CPU
		{03B4DD13-3AC1-46D4-8EC2-19FED3BE22D8}.Release|Any CPU.Build.0 = Release|Any CPU
		{D245645E-9148-441D-A15B-EBF76C663554}.Debug|Any CPU.ActiveCfg = Debug|Any CPU
		{D245645E-9148-441D-A15B-EBF76C663554}.Debug|Any CPU.Build.0 = Debug|Any CPU
		{D245645E-9148-441D-A15B-EBF76C663554}.Release|Any CPU.ActiveCfg = Release|Any CPU
		{D245645E-9148-441D-A15B-EBF76C663554}.Release|Any CPU.Build.0 = Release|Any CPU
	EndGlobalSection
	GlobalSection(SolutionProperties) = preSolution
		HideSolutionNode = FALSE
	EndGlobalSection
EndGlobal
